
Microsoft Visual Studio Solution File, Format Version 10.00
# Visual Studio 2008
Project("{8BC9CEB8-8B4A-11D0-8D11-00A0C91BC942}") = "SDFileRW", "SDFileRW\SDFileRW.vcproj", "{6D257F04-E9E7-4BD9-B62B-FC8EA7FC579F}"
EndProject
Global
	GlobalSection(SolutionConfigurationPlatforms) = preSolution
		Debug|ce50_2440a_test (ARMV4I) = Debug|ce50_2440a_test (ARMV4I)
		Debug|SMDK2416 (ARMV4I) = Debug|SMDK2416 (ARMV4I)
		Debug|SMDK6410 (ARMV4I) = Debug|SMDK6410 (ARMV4I)
		Release|ce50_2440a_test (ARMV4I) = Release|ce50_2440a_test (ARMV4I)
		Release|SMDK2416 (ARMV4I) = Release|SMDK2416 (ARMV4I)
		Release|SMDK6410 (ARMV4I) = Release|SMDK6410 (ARMV4I)
	EndGlobalSection
	GlobalSection(ProjectConfigurationPlatforms) = postSolution
		{6D257F04-E9E7-4BD9-B62B-FC8EA7FC579F}.Debug|ce50_2440a_test (ARMV4I).ActiveCfg = Debug|ce50_2440a_test (ARMV4I)
		{6D257F04-E9E7-4BD9-B62B-FC8EA7FC579F}.Debug|ce50_2440a_test (ARMV4I).Build.0 = Debug|ce50_2440a_test (ARMV4I)
		{6D257F04-E9E7-4BD9-B62B-FC8EA7FC579F}.Debug|ce50_2440a_test (ARMV4I).Deploy.0 = Debug|ce50_2440a_test (ARMV4I)
		{6D257F04-E9E7-4BD9-B62B-FC8EA7FC579F}.Debug|SMDK2416 (ARMV4I).ActiveCfg = Debug|SMDK2416 (ARMV4I)
		{6D257F04-E9E7-4BD9-B62B-FC8EA7FC579F}.Debug|SMDK2416 (ARMV4I).Build.0 = Debug|SMDK2416 (ARMV4I)
		{6D257F04-E9E7-4BD9-B62B-FC8EA7FC579F}.Debug|SMDK2416 (ARMV4I).Deploy.0 = Debug|SMDK2416 (ARMV4I)
		{6D257F04-E9E7-4BD9-B62B-FC8EA7FC579F}.Debug|SMDK6410 (ARMV4I).ActiveCfg = Debug|SMDK6410 (ARMV4I)
		{6D257F04-E9E7-4BD9-B62B-FC8EA7FC579F}.Debug|SMDK6410 (ARMV4I).Build.0 = Debug|SMDK6410 (ARMV4I)
		{6D257F04-E9E7-4BD9-B62B-FC8EA7FC579F}.Debug|SMDK6410 (ARMV4I).Deploy.0 = Debug|SMDK6410 (ARMV4I)
		{6D257F04-E9E7-4BD9-B62B-FC8EA7FC579F}.Release|ce50_2440a_test (ARMV4I).ActiveCfg = Release|ce50_2440a_test (ARMV4I)
		{6D257F04-E9E7-4BD9-B62B-FC8EA7FC579F}.Release|ce50_2440a_test (ARMV4I).Build.0 = Release|ce50_2440a_test (ARMV4I)
		{6D257F04-E9E7-4BD9-B62B-FC8EA7FC579F}.Release|ce50_2440a_test (ARMV4I).Deploy.0 = Release|ce50_2440a_test (ARMV4I)
		{6D257F04-E9E7-4BD9-B62B-FC8EA7FC579F}.Release|SMDK2416 (ARMV4I).ActiveCfg = Release|SMDK2416 (ARMV4I)
		{6D257F04-E9E7-4BD9-B62B-FC8EA7FC579F}.Release|SMDK2416 (ARMV4I).Build.0 = Release|SMDK2416 (ARMV4I)
		{6D257F04-E9E7-4BD9-B62B-FC8EA7FC579F}.Release|SMDK2416 (ARMV4I).Deploy.0 = Release|SMDK2416 (ARMV4I)
		{6D257F04-E9E7-4BD9-B62B-FC8EA7FC579F}.Release|SMDK6410 (ARMV4I).ActiveCfg = Release|SMDK6410 (ARMV4I)
		{6D257F04-E9E7-4BD9-B62B-FC8EA7FC579F}.Release|SMDK6410 (ARMV4I).Build.0 = Release|SMDK6410 (ARMV4I)
		{6D257F04-E9E7-4BD9-B62B-FC8EA7FC579F}.Release|SMDK6410 (ARMV4I).Deploy.0 = Release|SMDK6410 (ARMV4I)
	EndGlobalSection
	GlobalSection(SolutionProperties) = preSolution
		HideSolutionNode = FALSE
	EndGlobalSection
EndGlobal
